{
    "_readme": [
        "This file locks the dependencies of your project to a known state",
        "Read more about it at https://getcomposer.org/doc/01-basic-usage.md#installing-dependencies",
        "This file is @generated automatically"
    ],
    "content-hash": "309df3ffeb7b73c051e3d383603c3146",
    "packages": [
        {
            "name": "staabm/annotate-pull-request-from-checkstyle",
            "version": "1.7.1",
            "source": {
                "type": "git",
                "url": "https://github.com/staabm/annotate-pull-request-from-checkstyle.git",
                "reference": "9d59556dae55562b811ad80fd7facc5854e1e557"
            },
            "dist": {
                "type": "zip",
                "url": "https://api.github.com/repos/staabm/annotate-pull-request-from-checkstyle/zipball/9d59556dae55562b811ad80fd7facc5854e1e557",
                "reference": "9d59556dae55562b811ad80fd7facc5854e1e557",
                "shasum": ""
            },
            "require": {
                "ext-libxml": "*",
                "ext-simplexml": "*",
                "php": "^5.3 || ^7.0 || ^8.0"
            },
            "require-dev": {
                "friendsofphp/php-cs-fixer": "^2.16.1"
            },
            "bin": [
                "cs2pr"
            ],
            "type": "library",
            "notification-url": "https://packagist.org/downloads/",
            "license": [
                "MIT"
            ],
            "authors": [
                {
                    "name": "Markus Staab"
                }
            ],
            "support": {
                "issues": "https://github.com/staabm/annotate-pull-request-from-checkstyle/issues",
                "source": "https://github.com/staabm/annotate-pull-request-from-checkstyle/tree/1.7.1"
            },
            "funding": [
                {
                    "url": "https://github.com/staabm",
                    "type": "github"
                }
            ],
            "time": "2021-11-01T11:25:37+00:00"
        }
    ],
    "packages-dev": [],
    "aliases": [],
    "minimum-stability": "stable",
    "stability-flags": [],
    "prefer-stable": false,
    "prefer-lowest": false,
    "platform": [],
    "platform-dev": [],
    "platform-overrides": {
        "php": "7.3.0",
        "php-64bit": "7.3.0"
    },
    "plugin-api-version": "2.1.0"
}
